// !$*UTF8*$!
{
	archiveVersion = 1;
	classes = {
	};
	objectVersion = 56;
	objects = {

/* Begin PBXBuildFile section */
		6A7B8C9D0E1F2A3B /* BudsApp.swift in Sources */ = {isa = PBXBuildFile; fileRef = 3A4B5C6D7E8F9A0B /* BudsApp.swift */; };
		8A9B0C1D2E3F4A5B /* Assets.xcassets in Resources */ = {isa = PBXBuildFile; fileRef = 5A6B7C8D9E0F1A2B /* Assets.xcassets */; };
		A10000000000001A /* Bud.swift in Sources */ = {isa = PBXBuildFile; fileRef = A10000000000001B /* Bud.swift */; };
		A10000000000002A /* TimeFormatting.swift in Sources */ = {isa = PBXBuildFile; fileRef = A10000000000002B /* TimeFormatting.swift */; };
		A10000000000003A /* ContactPhotoCache.swift in Sources */ = {isa = PBXBuildFile; fileRef = A10000000000003B /* ContactPhotoCache.swift */; };
		A10000000000004A /* BudListView.swift in Sources */ = {isa = PBXBuildFile; fileRef = A10000000000004B /* BudListView.swift */; };
		A10000000000005A /* BudRowView.swift in Sources */ = {isa = PBXBuildFile; fileRef = A10000000000005B /* BudRowView.swift */; };
		A10000000000006A /* EmptyStateView.swift in Sources */ = {isa = PBXBuildFile; fileRef = A10000000000006B /* EmptyStateView.swift */; };
		A10000000000007A /* ContactPickerView.swift in Sources */ = {isa = PBXBuildFile; fileRef = A10000000000007B /* ContactPickerView.swift */; };
		A10000000000009A /* ContactInteraction.swift in Sources */ = {isa = PBXBuildFile; fileRef = A10000000000009B /* ContactInteraction.swift */; };
		A1000000000000AA /* BudDetailView.swift in Sources */ = {isa = PBXBuildFile; fileRef = A1000000000000AB /* BudDetailView.swift */; };
/* End PBXBuildFile section */

/* Begin PBXFileReference section */
		3A4B5C6D7E8F9A0B /* BudsApp.swift */ = {isa = PBXFileReference; lastKnownFileType = sourcecode.swift; path = BudsApp.swift; sourceTree = "<group>"; };
		5A6B7C8D9E0F1A2B /* Assets.xcassets */ = {isa = PBXFileReference; lastKnownFileType = folder.assetcatalog; path = Assets.xcassets; sourceTree = "<group>"; };
		EE1B2C3D4E5F6A7B /* Buds.app */ = {isa = PBXFileReference; explicitFileType = wrapper.application; includeInIndex = 0; path = Buds.app; sourceTree = BUILT_PRODUCTS_DIR; };
		A10000000000001B /* Bud.swift */ = {isa = PBXFileReference; lastKnownFileType = sourcecode.swift; path = Bud.swift; sourceTree = "<group>"; };
		A10000000000002B /* TimeFormatting.swift */ = {isa = PBXFileReference; lastKnownFileType = sourcecode.swift; path = TimeFormatting.swift; sourceTree = "<group>"; };
		A10000000000003B /* ContactPhotoCache.swift */ = {isa = PBXFileReference; lastKnownFileType = sourcecode.swift; path = ContactPhotoCache.swift; sourceTree = "<group>"; };
		A10000000000004B /* BudListView.swift */ = {isa = PBXFileReference; lastKnownFileType = sourcecode.swift; path = BudListView.swift; sourceTree = "<group>"; };
		A10000000000005B /* BudRowView.swift */ = {isa = PBXFileReference; lastKnownFileType = sourcecode.swift; path = BudRowView.swift; sourceTree = "<group>"; };
		A10000000000006B /* EmptyStateView.swift */ = {isa = PBXFileReference; lastKnownFileType = sourcecode.swift; path = EmptyStateView.swift; sourceTree = "<group>"; };
		A10000000000007B /* ContactPickerView.swift */ = {isa = PBXFileReference; lastKnownFileType = sourcecode.swift; path = ContactPickerView.swift; sourceTree = "<group>"; };
		A10000000000008B /* Buds.entitlements */ = {isa = PBXFileReference; lastKnownFileType = text.plist.entitlements; path = Buds.entitlements; sourceTree = "<group>"; };
		A10000000000009B /* ContactInteraction.swift */ = {isa = PBXFileReference; lastKnownFileType = sourcecode.swift; path = ContactInteraction.swift; sourceTree = "<group>"; };
		A1000000000000AB /* BudDetailView.swift */ = {isa = PBXFileReference; lastKnownFileType = sourcecode.swift; path = BudDetailView.swift; sourceTree = "<group>"; };
/* End PBXFileReference section */

/* Begin PBXFrameworksBuildPhase section */
		AA1B2C3D4E5F6A7B /* Frameworks */ = {
			isa = PBXFrameworksBuildPhase;
			buildActionMask = 2147483647;
			files = (
			);
			runOnlyForDeploymentPostprocessing = 0;
		};
/* End PBXFrameworksBuildPhase section */

/* Begin PBXGroup section */
		BB1B2C3D4E5F6A7B = {
			isa = PBXGroup;
			children = (
				CC1B2C3D4E5F6A7B /* Buds */,
				DD1B2C3D4E5F6A7B /* Products */,
			);
			sourceTree = "<group>";
		};
		CC1B2C3D4E5F6A7B /* Buds */ = {
			isa = PBXGroup;
			children = (
				3A4B5C6D7E8F9A0B /* BudsApp.swift */,
				A100000000000100 /* Models */,
				A100000000000200 /* Views */,
				A100000000000300 /* Helpers */,
				5A6B7C8D9E0F1A2B /* Assets.xcassets */,
				A10000000000008B /* Buds.entitlements */,
			);
			path = Buds;
			sourceTree = "<group>";
		};
		DD1B2C3D4E5F6A7B /* Products */ = {
			isa = PBXGroup;
			children = (
				EE1B2C3D4E5F6A7B /* Buds.app */,
			);
			name = Products;
			sourceTree = "<group>";
		};
		A100000000000100 /* Models */ = {
			isa = PBXGroup;
			children = (
				A10000000000001B /* Bud.swift */,
				A10000000000009B /* ContactInteraction.swift */,
			);
			path = Models;
			sourceTree = "<group>";
		};
		A100000000000200 /* Views */ = {
			isa = PBXGroup;
			children = (
				A10000000000004B /* BudListView.swift */,
				A10000000000005B /* BudRowView.swift */,
				A1000000000000AB /* BudDetailView.swift */,
				A10000000000006B /* EmptyStateView.swift */,
				A10000000000007B /* ContactPickerView.swift */,
			);
			path = Views;
			sourceTree = "<group>";
		};
		A100000000000300 /* Helpers */ = {
			isa = PBXGroup;
			children = (
				A10000000000002B /* TimeFormatting.swift */,
				A10000000000003B /* ContactPhotoCache.swift */,
			);
			path = Helpers;
			sourceTree = "<group>";
		};
/* End PBXGroup section */

/* Begin PBXNativeTarget section */
		2A3B4C5D6E7F8A9B /* Buds */ = {
			isa = PBXNativeTarget;
			buildConfigurationList = 331B2C3D4E5F6A7B /* Build configuration list for PBXNativeTarget "Buds" */;
			buildPhases = (
				9A0B1C2D3E4F5A6B /* Sources */,
				0A1B2C3D4E5F6A7B /* Resources */,
				AA1B2C3D4E5F6A7B /* Frameworks */,
			);
			buildRules = (
			);
			dependencies = (
			);
			name = Buds;
			productName = Buds;
			productReference = EE1B2C3D4E5F6A7B /* Buds.app */;
			productType = "com.apple.product-type.application";
		};
/* End PBXNativeTarget section */

/* Begin PBXProject section */
		1A2B3C4D5E6F7A8B /* Project object */ = {
			isa = PBXProject;
			attributes = {
				BuildIndependentTargetsInParallel = 1;
				LastSwiftUpdateCheck = 1500;
				LastUpgradeCheck = 1500;
				TargetAttributes = {
					2A3B4C5D6E7F8A9B = {
						CreatedOnToolsVersion = 15.0;
					};
				};
			};
			buildConfigurationList = 441B2C3D4E5F6A7B /* Build configuration list for PBXProject "Buds" */;
			compatibilityVersion = "Xcode 14.0";
			developmentRegion = en;
			hasScannedForEncodings = 0;
			knownRegions = (
				en,
				Base,
			);
			mainGroup = BB1B2C3D4E5F6A7B;
			productRefGroup = DD1B2C3D4E5F6A7B /* Products */;
			projectDirPath = "";
			projectRoot = "";
			targets = (
				2A3B4C5D6E7F8A9B /* Buds */,
			);
		};
/* End PBXProject section */

/* Begin PBXResourcesBuildPhase section */
		0A1B2C3D4E5F6A7B /* Resources */ = {
			isa = PBXResourcesBuildPhase;
			buildActionMask = 2147483647;
			files = (
				8A9B0C1D2E3F4A5B /* Assets.xcassets in Resources */,
			);
			runOnlyForDeploymentPostprocessing = 0;
		};
/* End PBXResourcesBuildPhase section */

/* Begin PBXSourcesBuildPhase section */
		9A0B1C2D3E4F5A6B /* Sources */ = {
			isa = PBXSourcesBuildPhase;
			buildActionMask = 2147483647;
			files = (
				6A7B8C9D0E1F2A3B /* BudsApp.swift in Sources */,
				A10000000000001A /* Bud.swift in Sources */,
				A10000000000002A /* TimeFormatting.swift in Sources */,
				A10000000000003A /* ContactPhotoCache.swift in Sources */,
				A10000000000004A /* BudListView.swift in Sources */,
				A10000000000005A /* BudRowView.swift in Sources */,
				A10000000000006A /* EmptyStateView.swift in Sources */,
				A10000000000007A /* ContactPickerView.swift in Sources */,
				A10000000000009A /* ContactInteraction.swift in Sources */,
				A1000000000000AA /* BudDetailView.swift in Sources */,
			);
			runOnlyForDeploymentPostprocessing = 0;
		};
/* End PBXSourcesBuildPhase section */

/* Begin XCBuildConfiguration section */
		FF1B2C3D4E5F6A7B /* Debug */ = {
			isa = XCBuildConfiguration;
			buildSettings = {
				ASSETCATALOG_COMPILER_APPICON_NAME = AppIcon;
				ASSETCATALOG_COMPILER_GLOBAL_ACCENT_COLOR_NAME = AccentColor;
				CODE_SIGN_ENTITLEMENTS = Buds/Buds.entitlements;
				CODE_SIGN_STYLE = Automatic;
				CURRENT_PROJECT_VERSION = 1;
				DEVELOPMENT_ASSET_PATHS = "";
				DEVELOPMENT_TEAM = "";
				ENABLE_PREVIEWS = YES;
				GENERATE_INFOPLIST_FILE = YES;
				INFOPLIST_KEY_ITSAppUsesNonExemptEncryption = NO;
				INFOPLIST_KEY_NSContactsUsageDescription = "Buds uses your contacts to show photos of your friends.";
				INFOPLIST_KEY_UIApplicationSceneManifest_Generation = YES;
				INFOPLIST_KEY_UIApplicationSupportsIndirectInputEvents = YES;
				INFOPLIST_KEY_UILaunchScreen_Generation = YES;
				INFOPLIST_KEY_UISupportedInterfaceOrientations_iPad = "UIInterfaceOrientationPortrait UIInterfaceOrientationPortraitUpsideDown UIInterfaceOrientationLandscapeLeft UIInterfaceOrientationLandscapeRight";
				INFOPLIST_KEY_UISupportedInterfaceOrientations_iPhone = "UIInterfaceOrientationPortrait UIInterfaceOrientationLandscapeLeft UIInterfaceOrientationLandscapeRight";
				IPHONEOS_DEPLOYMENT_TARGET = 26.0;
				MARKETING_VERSION = 1.0;
				PRODUCT_BUNDLE_IDENTIFIER = io.lou.app;
				PRODUCT_NAME = "$(TARGET_NAME)";
				SWIFT_EMIT_LOC_STRINGS = YES;
				SWIFT_VERSION = 6.0;
				TARGETED_DEVICE_FAMILY = "1,2";
			};
			name = Debug;
		};
		001B2C3D4E5F6A7B /* Release */ = {
			isa = XCBuildConfiguration;
			buildSettings = {
				ASSETCATALOG_COMPILER_APPICON_NAME = AppIcon;
				ASSETCATALOG_COMPILER_GLOBAL_ACCENT_COLOR_NAME = AccentColor;
				CODE_SIGN_ENTITLEMENTS = Buds/Buds.entitlements;
				CODE_SIGN_STYLE = Automatic;
				CURRENT_PROJECT_VERSION = 1;
				DEVELOPMENT_ASSET_PATHS = "";
				DEVELOPMENT_TEAM = "";
				ENABLE_PREVIEWS = YES;
				GENERATE_INFOPLIST_FILE = YES;
				INFOPLIST_KEY_ITSAppUsesNonExemptEncryption = NO;
				INFOPLIST_KEY_NSContactsUsageDescription = "Buds uses your contacts to show photos of your friends.";
				INFOPLIST_KEY_UIApplicationSceneManifest_Generation = YES;
				INFOPLIST_KEY_UIApplicationSupportsIndirectInputEvents = YES;
				INFOPLIST_KEY_UILaunchScreen_Generation = YES;
				INFOPLIST_KEY_UISupportedInterfaceOrientations_iPad = "UIInterfaceOrientationPortrait UIInterfaceOrientationPortraitUpsideDown UIInterfaceOrientationLandscapeLeft UIInterfaceOrientationLandscapeRight";
				INFOPLIST_KEY_UISupportedInterfaceOrientations_iPhone = "UIInterfaceOrientationPortrait UIInterfaceOrientationLandscapeLeft UIInterfaceOrientationLandscapeRight";
				IPHONEOS_DEPLOYMENT_TARGET = 26.0;
				MARKETING_VERSION = 1.0;
				PRODUCT_BUNDLE_IDENTIFIER = io.lou.app;
				PRODUCT_NAME = "$(TARGET_NAME)";
				SWIFT_EMIT_LOC_STRINGS = YES;
				SWIFT_VERSION = 6.0;
				TARGETED_DEVICE_FAMILY = "1,2";
			};
			name = Release;
		};
		111B2C3D4E5F6A7B /* Debug */ = {
			isa = XCBuildConfiguration;
			buildSettings = {
				ALWAYS_SEARCH_USER_PATHS = NO;
				CLANG_ANALYZER_NONNULL = YES;
				CLANG_ANALYZER_NUMBER_OBJECT_CONVERSION = YES_AGGRESSIVE;
				CLANG_CXX_LANGUAGE_STANDARD = "gnu++20";
				CLANG_ENABLE_MODULES = YES;
				CLANG_ENABLE_OBJC_ARC = YES;
				CLANG_ENABLE_OBJC_WEAK = YES;
				CLANG_WARN_BLOCK_CAPTURE_AUTORELEASING = YES;
				CLANG_WARN_BOOL_CONVERSION = YES;
				CLANG_WARN_COMMA = YES;
				CLANG_WARN_CONSTANT_CONVERSION = YES;
				CLANG_WARN_DEPRECATED_OBJC_IMPLEMENTATIONS = YES;
				CLANG_WARN_DIRECT_OBJC_IVAR_ACCESS = YES;
				CLANG_WARN_EMPTY_BODY = YES;
				CLANG_WARN_ENUM_CONVERSION = YES;
				CLANG_WARN_INFINITE_LOOPS = YES;
				CLANG_WARN_INT_CONVERSION = YES;
				CLANG_WARN_NON_LITERAL_NULL_CONVERSION = YES;
				CLANG_WARN_OBJC_IMPLICIT_RETAIN_SELF = YES;
				CLANG_WARN_OBJC_LITERAL_CONVERSION = YES;
				CLANG_WARN_OBJC_ROOT_CLASS = YES_ERROR;
				CLANG_WARN_QUOTED_INCLUDE_IN_FRAMEWORK_HEADER = YES;
				CLANG_WARN_RANGE_LOOP_ANALYSIS = YES;
				CLANG_WARN_STRICT_PROTOTYPES = YES;
				CLANG_WARN_SUSPICIOUS_MOVE = YES;
				CLANG_WARN_UNGUARDED_AVAILABILITY = YES_AGGRESSIVE;
				CLANG_WARN_UNREACHABLE_CODE = YES;
				CLANG_WARN__DUPLICATE_METHOD_MATCH = YES;
				COPY_PHASE_STRIP = NO;
				DEBUG_INFORMATION_FORMAT = dwarf;
				ENABLE_STRICT_OBJC_MSGSEND = YES;
				ENABLE_TESTABILITY = YES;
				ENABLE_USER_SCRIPT_SANDBOXING = YES;
				GCC_C_LANGUAGE_STANDARD = gnu17;
				GCC_DYNAMIC_NO_PIC = NO;
				GCC_NO_COMMON_BLOCKS = YES;
				GCC_OPTIMIZATION_LEVEL = 0;
				GCC_PREPROCESSOR_DEFINITIONS = (
					"DEBUG=1",
					"$(inherited)",
				);
				GCC_WARN_64_TO_32_BIT_CONVERSION = YES;
				GCC_WARN_ABOUT_RETURN_TYPE = YES_ERROR;
				GCC_WARN_UNDECLARED_SELECTOR = YES;
				GCC_WARN_UNINITIALIZED_AUTOS = YES_AGGRESSIVE;
				GCC_WARN_UNUSED_FUNCTION = YES;
				GCC_WARN_UNUSED_VARIABLE = YES;
				IPHONEOS_DEPLOYMENT_TARGET = 26.0;
				MTL_ENABLE_DEBUG_INFO = INCLUDE_SOURCE;
				MTL_FAST_MATH = YES;
				ONLY_ACTIVE_ARCH = YES;
				SDKROOT = iphoneos;
				SWIFT_ACTIVE_COMPILATION_CONDITIONS = DEBUG;
				SWIFT_OPTIMIZATION_LEVEL = "-Onone";
			};
			name = Debug;
		};
		221B2C3D4E5F6A7B /* Release */ = {
			isa = XCBuildConfiguration;
			buildSettings = {
				ALWAYS_SEARCH_USER_PATHS = NO;
				CLANG_ANALYZER_NONNULL = YES;
				CLANG_ANALYZER_NUMBER_OBJECT_CONVERSION = YES_AGGRESSIVE;
				CLANG_CXX_LANGUAGE_STANDARD = "gnu++20";
				CLANG_ENABLE_MODULES = YES;
				CLANG_ENABLE_OBJC_ARC = YES;
				CLANG_ENABLE_OBJC_WEAK = YES;
				CLANG_WARN_BLOCK_CAPTURE_AUTORELEASING = YES;
				CLANG_WARN_BOOL_CONVERSION = YES;
				CLANG_WARN_COMMA = YES;
				CLANG_WARN_CONSTANT_CONVERSION = YES;
				CLANG_WARN_DEPRECATED_OBJC_IMPLEMENTATIONS = YES;
				CLANG_WARN_DIRECT_OBJC_IVAR_ACCESS = YES;
				CLANG_WARN_EMPTY_BODY = YES;
				CLANG_WARN_ENUM_CONVERSION = YES;
				CLANG_WARN_INFINITE_LOOPS = YES;
				CLANG_WARN_INT_CONVERSION = YES;
				CLANG_WARN_NON_LITERAL_NULL_CONVERSION = YES;
				CLANG_WARN_OBJC_IMPLICIT_RETAIN_SELF = YES;
				CLANG_WARN_OBJC_LITERAL_CONVERSION = YES;
				CLANG_WARN_OBJC_ROOT_CLASS = YES_ERROR;
				CLANG_WARN_QUOTED_INCLUDE_IN_FRAMEWORK_HEADER = YES;
				CLANG_WARN_RANGE_LOOP_ANALYSIS = YES;
				CLANG_WARN_STRICT_PROTOTYPES = YES;
				CLANG_WARN_SUSPICIOUS_MOVE = YES;
				CLANG_WARN_UNGUARDED_AVAILABILITY = YES_AGGRESSIVE;
				CLANG_WARN_UNREACHABLE_CODE = YES;
				CLANG_WARN__DUPLICATE_METHOD_MATCH = YES;
				COPY_PHASE_STRIP = NO;
				DEBUG_INFORMATION_FORMAT = "dwarf-with-dsym";
				ENABLE_NS_ASSERTIONS = NO;
				ENABLE_STRICT_OBJC_MSGSEND = YES;
				ENABLE_USER_SCRIPT_SANDBOXING = YES;
				GCC_C_LANGUAGE_STANDARD = gnu17;
				GCC_NO_COMMON_BLOCKS = YES;
				GCC_WARN_64_TO_32_BIT_CONVERSION = YES;
				GCC_WARN_ABOUT_RETURN_TYPE = YES_ERROR;
				GCC_WARN_UNDECLARED_SELECTOR = YES;
				GCC_WARN_UNINITIALIZED_AUTOS = YES_AGGRESSIVE;
				GCC_WARN_UNUSED_FUNCTION = YES;
				GCC_WARN_UNUSED_VARIABLE = YES;
				IPHONEOS_DEPLOYMENT_TARGET = 26.0;
				MTL_FAST_MATH = YES;
				SDKROOT = iphoneos;
				SWIFT_COMPILATION_MODE = wholemodule;
				SWIFT_OPTIMIZATION_LEVEL = "-O";
				VALIDATE_PRODUCT = YES;
			};
			name = Release;
		};
/* End XCBuildConfiguration section */

/* Begin XCConfigurationList section */
		331B2C3D4E5F6A7B /* Build configuration list for PBXNativeTarget "Buds" */ = {
			isa = XCConfigurationList;
			buildConfigurations = (
				FF1B2C3D4E5F6A7B /* Debug */,
				001B2C3D4E5F6A7B /* Release */,
			);
			defaultConfigurationIsVisible = 0;
			defaultConfigurationName = Release;
		};
		441B2C3D4E5F6A7B /* Build configuration list for PBXProject "Buds" */ = {
			isa = XCConfigurationList;
			buildConfigurations = (
				111B2C3D4E5F6A7B /* Debug */,
				221B2C3D4E5F6A7B /* Release */,
			);
			defaultConfigurationIsVisible = 0;
			defaultConfigurationName = Release;
		};
/* End XCConfigurationList section */
	};
	rootObject = 1A2B3C4D5E6F7A8B /* Project object */;
}
